{
  "name": "install-ajs",
  "version": "1.0.0",
  "lockfileVersion": 2,
  "requires": true,
  "packages": {
    "": {
      "name": "install-ajs",
      "version": "1.0.0",
      "license": "ISC",
      "dependencies": {
        "@tatianayuryeva/ajs": "github:TatianaYuryeva/ajs"
      }
    },
    "node_modules/@tatianayuryeva/ajs": {
      "version": "1.0.0",
      "resolved": "git+ssh://git@github.com/TatianaYuryeva/ajs.git#a86ed1d5129785cf6c376e25f834c0ec9e5c4c40",
      "license": "ISC"
    }
  },
  "dependencies": {
    "@tatianayuryeva/ajs": {
      "version": "git+ssh://git@github.com/TatianaYuryeva/ajs.git#a86ed1d5129785cf6c376e25f834c0ec9e5c4c40",
      "from": "@tatianayuryeva/ajs@https://github.com/TatianaYuryeva/ajs"
    }
  }
}
